
Microsoft Visual Studio Solution File, Format Version 12.00
# Visual Studio 15
VisualStudioVersion = 15.0.27130.2010
MinimumVisualStudioVersion = 10.0.40219.1
Project("{FAE04EC0-301F-11D3-BF4B-00C04F79EFBC}") = "DukkanSiparisUygulamasi", "DukkanSiparisUygulamasi\DukkanSiparisUygulamasi.csproj", "{C2F76D98-63BC-46CB-A03A-21AB7E800FC1}"
EndProject
Project("{FAE04EC0-301F-11D3-BF4B-00C04F79EFBC}") = "BLL", "BLL\BLL.csproj", "{4055BAF6-0BCF-4EF5-9B65-54AC892AACDF}"
EndProject
Project("{FAE04EC0-301F-11D3-BF4B-00C04F79EFBC}") = "DAL", "DAL\DAL.csproj", "{130580EC-0AE8-4991-BB97-EABD74F1F820}"
EndProject
Project("{FAE04EC0-301F-11D3-BF4B-00C04F79EFBC}") = "Entity", "Entity\Entity.csproj", "{1938F139-9318-43F9-B6C4-27A7C2CC2EBE}"
EndProject
Global
	GlobalSection(SolutionConfigurationPlatforms) = preSolution
		Debug|Any CPU = Debug|Any CPU
		Release|Any CPU = Release|Any CPU
	EndGlobalSection
	GlobalSection(ProjectConfigurationPlatforms) = postSolution
		{C2F76D98-63BC-46CB-A03A-21AB7E800FC1}.Debug|Any CPU.ActiveCfg = Debug|Any CPU
		{C2F76D98-63BC-46CB-A03A-21AB7E800FC1}.Debug|Any CPU.Build.0 = Debug|Any CPU
		{C2F76D98-63BC-46CB-A03A-21AB7E800FC1}.Release|Any CPU.ActiveCfg = Release|Any CPU
		{C2F76D98-63BC-46CB-A03A-21AB7E800FC1}.Release|Any CPU.Build.0 = Release|Any CPU
		{4055BAF6-0BCF-4EF5-9B65-54AC892AACDF}.Debug|Any CPU.ActiveCfg = Debug|Any CPU
		{4055BAF6-0BCF-4EF5-9B65-54AC892AACDF}.Debug|Any CPU.Build.0 = Debug|Any CPU
		{4055BAF6-0BCF-4EF5-9B65-54AC892AACDF}.Release|Any CPU.ActiveCfg = Release|Any CPU
		{4055BAF6-0BCF-4EF5-9B65-54AC892AACDF}.Release|Any CPU.Build.0 = Release|Any CPU
		{130580EC-0AE8-4991-BB97-EABD74F1F820}.Debug|Any CPU.ActiveCfg = Debug|Any CPU
		{130580EC-0AE8-4991-BB97-EABD74F1F820}.Debug|Any CPU.Build.0 = Debug|Any CPU
		{130580EC-0AE8-4991-BB97-EABD74F1F820}.Release|Any CPU.ActiveCfg = Release|Any CPU
		{130580EC-0AE8-4991-BB97-EABD74F1F820}.Release|Any CPU.Build.0 = Release|Any CPU
		{1938F139-9318-43F9-B6C4-27A7C2CC2EBE}.Debug|Any CPU.ActiveCfg = Debug|Any CPU
		{1938F139-9318-43F9-B6C4-27A7C2CC2EBE}.Debug|Any CPU.Build.0 = Debug|Any CPU
		{1938F139-9318-43F9-B6C4-27A7C2CC2EBE}.Release|Any CPU.ActiveCfg = Release|Any CPU
		{1938F139-9318-43F9-B6C4-27A7C2CC2EBE}.Release|Any CPU.Build.0 = Release|Any CPU
	EndGlobalSection
	GlobalSection(SolutionProperties) = preSolution
		HideSolutionNode = FALSE
	EndGlobalSection
	GlobalSection(ExtensibilityGlobals) = postSolution
		SolutionGuid = {B90882CE-1A29-4A95-A467-38CD0E92A7A4}
	EndGlobalSection
EndGlobal
